
Microsoft Visual Studio Solution File, Format Version 12.00
# Visual Studio Version 16
VisualStudioVersion = 16.0.31005.135
MinimumVisualStudioVersion = 10.0.40219.1
Project("{FAE04EC0-301F-11D3-BF4B-00C04F79EFBC}") = "exercicio 5", "exercicio 5\exercicio 5.csproj", "{F405DA56-FF0F-4A06-B00E-6776C854D876}"
EndProject
Global
	GlobalSection(SolutionConfigurationPlatforms) = preSolution
		Debug|Any CPU = Debug|Any CPU
		Release|Any CPU = Release|Any CPU
	EndGlobalSection
	GlobalSection(ProjectConfigurationPlatforms) = postSolution
		{F405DA56-FF0F-4A06-B00E-6776C854D876}.Debug|Any CPU.ActiveCfg = Debug|Any CPU
		{F405DA56-FF0F-4A06-B00E-6776C854D876}.Debug|Any CPU.Build.0 = Debug|Any CPU
		{F405DA56-FF0F-4A06-B00E-6776C854D876}.Release|Any CPU.ActiveCfg = Release|Any CPU
		{F405DA56-FF0F-4A06-B00E-6776C854D876}.Release|Any CPU.Build.0 = Release|Any CPU
	EndGlobalSection
	GlobalSection(SolutionProperties) = preSolution
		HideSolutionNode = FALSE
	EndGlobalSection
	GlobalSection(ExtensibilityGlobals) = postSolution
		SolutionGuid = {E3B0BF3F-2482-4059-9793-2CBA61ADB780}
	EndGlobalSection
EndGlobal
