
Microsoft Visual Studio Solution File, Format Version 12.00
# Visual Studio Version 16
VisualStudioVersion = 16.0.31005.135
MinimumVisualStudioVersion = 10.0.40219.1
Project("{FAE04EC0-301F-11D3-BF4B-00C04F79EFBC}") = "exercicioquadrantes", "exercicioquadrantes\exercicioquadrantes.csproj", "{C242AE12-CE35-4AA4-8BE1-ABF8C0D871AD}"
EndProject
Global
	GlobalSection(SolutionConfigurationPlatforms) = preSolution
		Debug|Any CPU = Debug|Any CPU
		Release|Any CPU = Release|Any CPU
	EndGlobalSection
	GlobalSection(ProjectConfigurationPlatforms) = postSolution
		{C242AE12-CE35-4AA4-8BE1-ABF8C0D871AD}.Debug|Any CPU.ActiveCfg = Debug|Any CPU
		{C242AE12-CE35-4AA4-8BE1-ABF8C0D871AD}.Debug|Any CPU.Build.0 = Debug|Any CPU
		{C242AE12-CE35-4AA4-8BE1-ABF8C0D871AD}.Release|Any CPU.ActiveCfg = Release|Any CPU
		{C242AE12-CE35-4AA4-8BE1-ABF8C0D871AD}.Release|Any CPU.Build.0 = Release|Any CPU
	EndGlobalSection
	GlobalSection(SolutionProperties) = preSolution
		HideSolutionNode = FALSE
	EndGlobalSection
	GlobalSection(ExtensibilityGlobals) = postSolution
		SolutionGuid = {E082B9A3-FD34-4115-B911-632C5B6DABEA}
	EndGlobalSection
EndGlobal
