
Microsoft Visual Studio Solution File, Format Version 12.00
# Visual Studio Version 16
VisualStudioVersion = 16.0.31005.135
MinimumVisualStudioVersion = 10.0.40219.1
Project("{FAE04EC0-301F-11D3-BF4B-00C04F79EFBC}") = "exercicio 2", "exercicio 2\exercicio 2.csproj", "{6294372B-CD79-4E99-9B39-E8E6E0414181}"
EndProject
Global
	GlobalSection(SolutionConfigurationPlatforms) = preSolution
		Debug|Any CPU = Debug|Any CPU
		Release|Any CPU = Release|Any CPU
	EndGlobalSection
	GlobalSection(ProjectConfigurationPlatforms) = postSolution
		{6294372B-CD79-4E99-9B39-E8E6E0414181}.Debug|Any CPU.ActiveCfg = Debug|Any CPU
		{6294372B-CD79-4E99-9B39-E8E6E0414181}.Debug|Any CPU.Build.0 = Debug|Any CPU
		{6294372B-CD79-4E99-9B39-E8E6E0414181}.Release|Any CPU.ActiveCfg = Release|Any CPU
		{6294372B-CD79-4E99-9B39-E8E6E0414181}.Release|Any CPU.Build.0 = Release|Any CPU
	EndGlobalSection
	GlobalSection(SolutionProperties) = preSolution
		HideSolutionNode = FALSE
	EndGlobalSection
	GlobalSection(ExtensibilityGlobals) = postSolution
		SolutionGuid = {27F4E92C-030E-480E-A500-7E50A5393887}
	EndGlobalSection
EndGlobal
