
Microsoft Visual Studio Solution File, Format Version 12.00
# Visual Studio Version 16
VisualStudioVersion = 16.0.31005.135
MinimumVisualStudioVersion = 10.0.40219.1
Project("{FAE04EC0-301F-11D3-BF4B-00C04F79EFBC}") = "exercicio 3", "exercicio 3\exercicio 3.csproj", "{3317EA67-D43F-4B73-ACC0-A6FE6702C1FC}"
EndProject
Global
	GlobalSection(SolutionConfigurationPlatforms) = preSolution
		Debug|Any CPU = Debug|Any CPU
		Release|Any CPU = Release|Any CPU
	EndGlobalSection
	GlobalSection(ProjectConfigurationPlatforms) = postSolution
		{3317EA67-D43F-4B73-ACC0-A6FE6702C1FC}.Debug|Any CPU.ActiveCfg = Debug|Any CPU
		{3317EA67-D43F-4B73-ACC0-A6FE6702C1FC}.Debug|Any CPU.Build.0 = Debug|Any CPU
		{3317EA67-D43F-4B73-ACC0-A6FE6702C1FC}.Release|Any CPU.ActiveCfg = Release|Any CPU
		{3317EA67-D43F-4B73-ACC0-A6FE6702C1FC}.Release|Any CPU.Build.0 = Release|Any CPU
	EndGlobalSection
	GlobalSection(SolutionProperties) = preSolution
		HideSolutionNode = FALSE
	EndGlobalSection
	GlobalSection(ExtensibilityGlobals) = postSolution
		SolutionGuid = {C81CE7A0-E1B5-48D1-BD97-E917CD437CA6}
	EndGlobalSection
EndGlobal
