
Microsoft Visual Studio Solution File, Format Version 12.00
# Visual Studio Version 16
VisualStudioVersion = 16.0.31005.135
MinimumVisualStudioVersion = 10.0.40219.1
Project("{FAE04EC0-301F-11D3-BF4B-00C04F79EFBC}") = "Exerciciovetores1", "Exerciciovetores1\Exerciciovetores1.csproj", "{9E9EFB47-32F3-4739-9AF4-847B58C3201C}"
EndProject
Global
	GlobalSection(SolutionConfigurationPlatforms) = preSolution
		Debug|Any CPU = Debug|Any CPU
		Release|Any CPU = Release|Any CPU
	EndGlobalSection
	GlobalSection(ProjectConfigurationPlatforms) = postSolution
		{9E9EFB47-32F3-4739-9AF4-847B58C3201C}.Debug|Any CPU.ActiveCfg = Debug|Any CPU
		{9E9EFB47-32F3-4739-9AF4-847B58C3201C}.Debug|Any CPU.Build.0 = Debug|Any CPU
		{9E9EFB47-32F3-4739-9AF4-847B58C3201C}.Release|Any CPU.ActiveCfg = Release|Any CPU
		{9E9EFB47-32F3-4739-9AF4-847B58C3201C}.Release|Any CPU.Build.0 = Release|Any CPU
	EndGlobalSection
	GlobalSection(SolutionProperties) = preSolution
		HideSolutionNode = FALSE
	EndGlobalSection
	GlobalSection(ExtensibilityGlobals) = postSolution
		SolutionGuid = {70DB043E-FC26-48AE-BB11-7741D55A7F7E}
	EndGlobalSection
EndGlobal
